// !$*UTF8*$!
{
	archiveVersion = 1;
	classes = {
	};
	objectVersion = 50;
	objects = {

/* Begin PBXBuildFile section */
		276CFBA7236EC7450028399B /* AppDelegate.swift in Sources */ = {isa = PBXBuildFile; fileRef = 276CFBA6236EC7450028399B /* AppDelegate.swift */; };
		276CFBA9236EC7450028399B /* SceneDelegate.swift in Sources */ = {isa = PBXBuildFile; fileRef = 276CFBA8236EC7450028399B /* SceneDelegate.swift */; };
		276CFBAB236EC7450028399B /* ViewController.swift in Sources */ = {isa = PBXBuildFile; fileRef = 276CFBAA236EC7450028399B /* ViewController.swift */; };
		276CFBAE236EC7450028399B /* Main.storyboard in Resources */ = {isa = PBXBuildFile; fileRef = 276CFBAC236EC7450028399B /* Main.storyboard */; };
		276CFBB0236EC7470028399B /* Assets.xcassets in Resources */ = {isa = PBXBuildFile; fileRef = 276CFBAF236EC7470028399B /* Assets.xcassets */; };
		276CFBB3236EC7470028399B /* LaunchScreen.storyboard in Resources */ = {isa = PBXBuildFile; fileRef = 276CFBB1236EC7470028399B /* LaunchScreen.storyboard */; };
/* End PBXBuildFile section */

/* Begin PBXFileReference section */
		276CFBA3236EC7450028399B /* ParticleEmitter.app */ = {isa = PBXFileReference; explicitFileType = wrapper.application; includeInIndex = 0; path = ParticleEmitter.app; sourceTree = BUILT_PRODUCTS_DIR; };
		276CFBA6236EC7450028399B /* AppDelegate.swift */ = {isa = PBXFileReference; lastKnownFileType = sourcecode.swift; path = AppDelegate.swift; sourceTree = "<group>"; };
		276CFBA8236EC7450028399B /* SceneDelegate.swift */ = {isa = PBXFileReference; lastKnownFileType = sourcecode.swift; path = SceneDelegate.swift; sourceTree = "<group>"; };
		276CFBAA236EC7450028399B /* ViewController.swift */ = {isa = PBXFileReference; lastKnownFileType = sourcecode.swift; path = ViewController.swift; sourceTree = "<group>"; };
		276CFBAD236EC7450028399B /* Base */ = {isa = PBXFileReference; lastKnownFileType = file.storyboard; name = Base; path = Base.lproj/Main.storyboard; sourceTree = "<group>"; };
		276CFBAF236EC7470028399B /* Assets.xcassets */ = {isa = PBXFileReference; lastKnownFileType = folder.assetcatalog; path = Assets.xcassets; sourceTree = "<group>"; };
		276CFBB2236EC7470028399B /* Base */ = {isa = PBXFileReference; lastKnownFileType = file.storyboard; name = Base; path = Base.lproj/LaunchScreen.storyboard; sourceTree = "<group>"; };
		276CFBB4236EC7470028399B /* Info.plist */ = {isa = PBXFileReference; lastKnownFileType = text.plist.xml; path = Info.plist; sourceTree = "<group>"; };
/* End PBXFileReference section */

/* Begin PBXFrameworksBuildPhase section */
		276CFBA0236EC7450028399B /* Frameworks */ = {
			isa = PBXFrameworksBuildPhase;
			buildActionMask = 2147483647;
			files = (
			);
			runOnlyForDeploymentPostprocessing = 0;
		};
/* End PBXFrameworksBuildPhase section */

/* Begin PBXGroup section */
		276CFB9A236EC7450028399B = {
			isa = PBXGroup;
			children = (
				276CFBA5236EC7450028399B /* ParticleEmitter */,
				276CFBA4236EC7450028399B /* Products */,
			);
			sourceTree = "<group>";
		};
		276CFBA4236EC7450028399B /* Products */ = {
			isa = PBXGroup;
			children = (
				276CFBA3236EC7450028399B /* ParticleEmitter.app */,
			);
			name = Products;
			sourceTree = "<group>";
		};
		276CFBA5236EC7450028399B /* ParticleEmitter */ = {
			isa = PBXGroup;
			children = (
				276CFBA6236EC7450028399B /* AppDelegate.swift */,
				276CFBA8236EC7450028399B /* SceneDelegate.swift */,
				276CFBAA236EC7450028399B /* ViewController.swift */,
				276CFBAC236EC7450028399B /* Main.storyboard */,
				276CFBAF236EC7470028399B /* Assets.xcassets */,
				276CFBB1236EC7470028399B /* LaunchScreen.storyboard */,
				276CFBB4236EC7470028399B /* Info.plist */,
			);
			path = ParticleEmitter;
			sourceTree = "<group>";
		};
/* End PBXGroup section */

/* Begin PBXNativeTarget section */
		276CFBA2236EC7450028399B /* ParticleEmitter */ = {
			isa = PBXNativeTarget;
			buildConfigurationList = 276CFBB7236EC7470028399B /* Build configuration list for PBXNativeTarget "ParticleEmitter" */;
			buildPhases = (
				276CFB9F236EC7450028399B /* Sources */,
				276CFBA0236EC7450028399B /* Frameworks */,
				276CFBA1236EC7450028399B /* Resources */,
			);
			buildRules = (
			);
			dependencies = (
			);
			name = ParticleEmitter;
			productName = ParticleEmitter;
			productReference = 276CFBA3236EC7450028399B /* ParticleEmitter.app */;
			productType = "com.apple.product-type.application";
		};
/* End PBXNativeTarget section */

/* Begin PBXProject section */
		276CFB9B236EC7450028399B /* Project object */ = {
			isa = PBXProject;
			attributes = {
				LastSwiftUpdateCheck = 1100;
				LastUpgradeCheck = 1100;
				ORGANIZATIONNAME = PavanPowani;
				TargetAttributes = {
					276CFBA2236EC7450028399B = {
						CreatedOnToolsVersion = 11.0;
					};
				};
			};
			buildConfigurationList = 276CFB9E236EC7450028399B /* Build configuration list for PBXProject "ParticleEmitter" */;
			compatibilityVersion = "Xcode 9.3";
			developmentRegion = en;
			hasScannedForEncodings = 0;
			knownRegions = (
				en,
				Base,
			);
			mainGroup = 276CFB9A236EC7450028399B;
			productRefGroup = 276CFBA4236EC7450028399B /* Products */;
			projectDirPath = "";
			projectRoot = "";
			targets = (
				276CFBA2236EC7450028399B /* ParticleEmitter */,
			);
		};
/* End PBXProject section */

/* Begin PBXResourcesBuildPhase section */
		276CFBA1236EC7450028399B /* Resources */ = {
			isa = PBXResourcesBuildPhase;
			buildActionMask = 2147483647;
			files = (
				276CFBB3236EC7470028399B /* LaunchScreen.storyboard in Resources */,
				276CFBB0236EC7470028399B /* Assets.xcassets in Resources */,
				276CFBAE236EC7450028399B /* Main.storyboard in Resources */,
			);
			runOnlyForDeploymentPostprocessing = 0;
		};
/* End PBXResourcesBuildPhase section */

/* Begin PBXSourcesBuildPhase section */
		276CFB9F236EC7450028399B /* Sources */ = {
			isa = PBXSourcesBuildPhase;
			buildActionMask = 2147483647;
			files = (
				276CFBAB236EC7450028399B /* ViewController.swift in Sources */,
				276CFBA7236EC7450028399B /* AppDelegate.swift in Sources */,
				276CFBA9236EC7450028399B /* SceneDelegate.swift in Sources */,
			);
			runOnlyForDeploymentPostprocessing = 0;
		};
/* End PBXSourcesBuildPhase section */

/* Begin PBXVariantGroup section */
		276CFBAC236EC7450028399B /* Main.storyboard */ = {
			isa = PBXVariantGroup;
			children = (
				276CFBAD236EC7450028399B /* Base */,
			);
			name = Main.storyboard;
			sourceTree = "<group>";
		};
		276CFBB1236EC7470028399B /* LaunchScreen.storyboard */ = {
			isa = PBXVariantGroup;
			children = (
				276CFBB2236EC7470028399B /* Base */,
			);
			name = LaunchScreen.storyboard;
			sourceTree = "<group>";
		};
/* End PBXVariantGroup section */

/* Begin XCBuildConfiguration section */
		276CFBB5236EC7470028399B /* Debug */ = {
			isa = XCBuildConfiguration;
			buildSettings = {
				ALWAYS_SEARCH_USER_PATHS = NO;
				CLANG_ANALYZER_NONNULL = YES;
				CLANG_ANALYZER_NUMBER_OBJECT_CONVERSION = YES_AGGRESSIVE;
				CLANG_CXX_LANGUAGE_STANDARD = "gnu++14";
				CLANG_CXX_LIBRARY = "libc++";
				CLANG_ENABLE_MODULES = YES;
				CLANG_ENABLE_OBJC_ARC = YES;
				CLANG_ENABLE_OBJC_WEAK = YES;
				CLANG_WARN_BLOCK_CAPTURE_AUTORELEASING = YES;
				CLANG_WARN_BOOL_CONVERSION = YES;
				CLANG_WARN_COMMA = YES;
				CLANG_WARN_CONSTANT_CONVERSION = YES;
				CLANG_WARN_DEPRECATED_OBJC_IMPLEMENTATIONS = YES;
				CLANG_WARN_DIRECT_OBJC_ISA_USAGE = YES_ERROR;
				CLANG_WARN_DOCUMENTATION_COMMENTS = YES;
				CLANG_WARN_EMPTY_BODY = YES;
				CLANG_WARN_ENUM_CONVERSION = YES;
				CLANG_WARN_INFINITE_RECURSION = YES;
				CLANG_WARN_INT_CONVERSION = YES;
				CLANG_WARN_NON_LITERAL_NULL_CONVERSION = YES;
				CLANG_WARN_OBJC_IMPLICIT_RETAIN_SELF = YES;
				CLANG_WARN_OBJC_LITERAL_CONVERSION = YES;
				CLANG_WARN_OBJC_ROOT_CLASS = YES_ERROR;
				CLANG_WARN_RANGE_LOOP_ANALYSIS = YES;
				CLANG_WARN_STRICT_PROTOTYPES = YES;
				CLANG_WARN_SUSPICIOUS_MOVE = YES;
				CLANG_WARN_UNGUARDED_AVAILABILITY = YES_AGGRESSIVE;
				CLANG_WARN_UNREACHABLE_CODE = YES;
				CLANG_WARN__DUPLICATE_METHOD_MATCH = YES;
				COPY_PHASE_STRIP = NO;
				DEBUG_INFORMATION_FORMAT = dwarf;
				ENABLE_STRICT_OBJC_MSGSEND = YES;
				ENABLE_TESTABILITY = YES;
				GCC_C_LANGUAGE_STANDARD = gnu11;
				GCC_DYNAMIC_NO_PIC = NO;
				GCC_NO_COMMON_BLOCKS = YES;
				GCC_OPTIMIZATION_LEVEL = 0;
				GCC_PREPROCESSOR_DEFINITIONS = (
					"DEBUG=1",
					"$(inherited)",
				);
				GCC_WARN_64_TO_32_BIT_CONVERSION = YES;
				GCC_WARN_ABOUT_RETURN_TYPE = YES_ERROR;
				GCC_WARN_UNDECLARED_SELECTOR = YES;
				GCC_WARN_UNINITIALIZED_AUTOS = YES_AGGRESSIVE;
				GCC_WARN_UNUSED_FUNCTION = YES;
				GCC_WARN_UNUSED_VARIABLE = YES;
				IPHONEOS_DEPLOYMENT_TARGET = 13.0;
				MTL_ENABLE_DEBUG_INFO = INCLUDE_SOURCE;
				MTL_FAST_MATH = YES;
				ONLY_ACTIVE_ARCH = YES;
				SDKROOT = iphoneos;
				SWIFT_ACTIVE_COMPILATION_CONDITIONS = DEBUG;
				SWIFT_OPTIMIZATION_LEVEL = "-Onone";
			};
			name = Debug;
		};
		276CFBB6236EC7470028399B /* Release */ = {
			isa = XCBuildConfiguration;
			buildSettings = {
				ALWAYS_SEARCH_USER_PATHS = NO;
				CLANG_ANALYZER_NONNULL = YES;
				CLANG_ANALYZER_NUMBER_OBJECT_CONVERSION = YES_AGGRESSIVE;
				CLANG_CXX_LANGUAGE_STANDARD = "gnu++14";
				CLANG_CXX_LIBRARY = "libc++";
				CLANG_ENABLE_MODULES = YES;
				CLANG_ENABLE_OBJC_ARC = YES;
				CLANG_ENABLE_OBJC_WEAK = YES;
				CLANG_WARN_BLOCK_CAPTURE_AUTORELEASING = YES;
				CLANG_WARN_BOOL_CONVERSION = YES;
				CLANG_WARN_COMMA = YES;
				CLANG_WARN_CONSTANT_CONVERSION = YES;
				CLANG_WARN_DEPRECATED_OBJC_IMPLEMENTATIONS = YES;
				CLANG_WARN_DIRECT_OBJC_ISA_USAGE = YES_ERROR;
				CLANG_WARN_DOCUMENTATION_COMMENTS = YES;
				CLANG_WARN_EMPTY_BODY = YES;
				CLANG_WARN_ENUM_CONVERSION = YES;
				CLANG_WARN_INFINITE_RECURSION = YES;
				CLANG_WARN_INT_CONVERSION = YES;
				CLANG_WARN_NON_LITERAL_NULL_CONVERSION = YES;
				CLANG_WARN_OBJC_IMPLICIT_RETAIN_SELF = YES;
				CLANG_WARN_OBJC_LITERAL_CONVERSION = YES;
				CLANG_WARN_OBJC_ROOT_CLASS = YES_ERROR;
				CLANG_WARN_RANGE_LOOP_ANALYSIS = YES;
				CLANG_WARN_STRICT_PROTOTYPES = YES;
				CLANG_WARN_SUSPICIOUS_MOVE = YES;
				CLANG_WARN_UNGUARDED_AVAILABILITY = YES_AGGRESSIVE;
				CLANG_WARN_UNREACHABLE_CODE = YES;
				CLANG_WARN__DUPLICATE_METHOD_MATCH = YES;
				COPY_PHASE_STRIP = NO;
				DEBUG_INFORMATION_FORMAT = "dwarf-with-dsym";
				ENABLE_NS_ASSERTIONS = NO;
				ENABLE_STRICT_OBJC_MSGSEND = YES;
				GCC_C_LANGUAGE_STANDARD = gnu11;
				GCC_NO_COMMON_BLOCKS = YES;
				GCC_WARN_64_TO_32_BIT_CONVERSION = YES;
				GCC_WARN_ABOUT_RETURN_TYPE = YES_ERROR;
				GCC_WARN_UNDECLARED_SELECTOR = YES;
				GCC_WARN_UNINITIALIZED_AUTOS = YES_AGGRESSIVE;
				GCC_WARN_UNUSED_FUNCTION = YES;
				GCC_WARN_UNUSED_VARIABLE = YES;
				IPHONEOS_DEPLOYMENT_TARGET = 13.0;
				MTL_ENABLE_DEBUG_INFO = NO;
				MTL_FAST_MATH = YES;
				SDKROOT = iphoneos;
				SWIFT_COMPILATION_MODE = wholemodule;
				SWIFT_OPTIMIZATION_LEVEL = "-O";
				VALIDATE_PRODUCT = YES;
			};
			name = Release;
		};
		276CFBB8236EC7470028399B /* Debug */ = {
			isa = XCBuildConfiguration;
			buildSettings = {
				ASSETCATALOG_COMPILER_APPICON_NAME = AppIcon;
				CODE_SIGN_STYLE = Automatic;
				DEVELOPMENT_TEAM = 4GVXS3C4S6;
				INFOPLIST_FILE = ParticleEmitter/Info.plist;
				LD_RUNPATH_SEARCH_PATHS = (
					"$(inherited)",
					"@executable_path/Frameworks",
				);
				PRODUCT_BUNDLE_IDENTIFIER = com.pavanpowani.ParticleEmitter;
				PRODUCT_NAME = "$(TARGET_NAME)";
				SWIFT_VERSION = 5.0;
				TARGETED_DEVICE_FAMILY = "1,2";
			};
			name = Debug;
		};
		276CFBB9236EC7470028399B /* Release */ = {
			isa = XCBuildConfiguration;
			buildSettings = {
				ASSETCATALOG_COMPILER_APPICON_NAME = AppIcon;
				CODE_SIGN_STYLE = Automatic;
				DEVELOPMENT_TEAM = 4GVXS3C4S6;
				INFOPLIST_FILE = ParticleEmitter/Info.plist;
				LD_RUNPATH_SEARCH_PATHS = (
					"$(inherited)",
					"@executable_path/Frameworks",
				);
				PRODUCT_BUNDLE_IDENTIFIER = com.pavanpowani.ParticleEmitter;
				PRODUCT_NAME = "$(TARGET_NAME)";
				SWIFT_VERSION = 5.0;
				TARGETED_DEVICE_FAMILY = "1,2";
			};
			name = Release;
		};
/* End XCBuildConfiguration section */

/* Begin XCConfigurationList section */
		276CFB9E236EC7450028399B /* Build configuration list for PBXProject "ParticleEmitter" */ = {
			isa = XCConfigurationList;
			buildConfigurations = (
				276CFBB5236EC7470028399B /* Debug */,
				276CFBB6236EC7470028399B /* Release */,
			);
			defaultConfigurationIsVisible = 0;
			defaultConfigurationName = Release;
		};
		276CFBB7236EC7470028399B /* Build configuration list for PBXNativeTarget "ParticleEmitter" */ = {
			isa = XCConfigurationList;
			buildConfigurations = (
				276CFBB8236EC7470028399B /* Debug */,
				276CFBB9236EC7470028399B /* Release */,
			);
			defaultConfigurationIsVisible = 0;
			defaultConfigurationName = Release;
		};
/* End XCConfigurationList section */
	};
	rootObject = 276CFB9B236EC7450028399B /* Project object */;
}
